{
  "name": "text-rotater",
  "version": "1.0.2",
  "lockfileVersion": 2,
  "requires": true,
  "packages": {
    "": {
      "version": "1.0.2",
      "license": "MIT",
      "dependencies": {
        "text-rotater": "^1.0.2"
      }
    },
    "node_modules/text-rotater": {
      "version": "1.0.2",
      "resolved": "https://registry.npmjs.org/text-rotater/-/text-rotater-1.0.2.tgz",
      "integrity": "sha512-nIvsCucun5vNmzgF2yyNGMV0+uO2KJZJQmsvqPfgE3PGON8gIoeC6P2wxcxvHaIbKwv844unogIJCUP8Y5N9xw=="
    }
  },
  "dependencies": {
    "text-rotater": {
      "version": "1.0.2",
      "resolved": "https://registry.npmjs.org/text-rotater/-/text-rotater-1.0.2.tgz",
      "integrity": "sha512-nIvsCucun5vNmzgF2yyNGMV0+uO2KJZJQmsvqPfgE3PGON8gIoeC6P2wxcxvHaIbKwv844unogIJCUP8Y5N9xw=="
    }
  }
}
