{
  "name": "text-rotater",
  "version": "1.0.3",
  "lockfileVersion": 2,
  "requires": true,
  "packages": {
    "": {
      "version": "1.0.3",
      "license": "MIT",
      "dependencies": {
        "text-rotater": "^1.0.3"
      }
    },
    "node_modules/text-rotater": {
      "version": "1.0.3",
      "resolved": "https://registry.npmjs.org/text-rotater/-/text-rotater-1.0.3.tgz",
      "integrity": "sha512-Tm90qmquSQVfkcxBD/kziWriywdmLnl+cpSO73d6vV/4Z2h4sUCIDl7rVh86pMBezI6CLrJnM0hQInCW5ToM9g==",
      "dependencies": {
        "text-rotater": "^1.0.2"
      }
    }
  },
  "dependencies": {
    "text-rotater": {
      "version": "1.0.3",
      "resolved": "https://registry.npmjs.org/text-rotater/-/text-rotater-1.0.3.tgz",
      "integrity": "sha512-Tm90qmquSQVfkcxBD/kziWriywdmLnl+cpSO73d6vV/4Z2h4sUCIDl7rVh86pMBezI6CLrJnM0hQInCW5ToM9g==",
      "requires": {
        "text-rotater": "^1.0.2"
      }
    }
  }
}
